
Microsoft Visual Studio Solution File, Format Version 12.00
# Visual Studio Version 16
VisualStudioVersion = 16.0.31729.503
MinimumVisualStudioVersion = 10.0.40219.1
Project("{FAE04EC0-301F-11D3-BF4B-00C04F79EFBC}") = "ML", "ML\ML.csproj", "{3CB3A440-498D-433B-AF9C-871132DA775A}"
EndProject
Project("{FAE04EC0-301F-11D3-BF4B-00C04F79EFBC}") = "DL", "DL\DL.csproj", "{60687F2A-9551-4D45-A87A-CC869FAC837F}"
EndProject
Project("{FAE04EC0-301F-11D3-BF4B-00C04F79EFBC}") = "PL", "PL\PL.csproj", "{5B8A8E34-35FC-46C8-951C-D2CAA6F7622B}"
EndProject
Project("{FAE04EC0-301F-11D3-BF4B-00C04F79EFBC}") = "BL", "BL\BL.csproj", "{FD345A57-EA06-43B4-AC61-B981F0256E51}"
EndProject
Global
	GlobalSection(SolutionConfigurationPlatforms) = preSolution
		Debug|Any CPU = Debug|Any CPU
		Release|Any CPU = Release|Any CPU
	EndGlobalSection
	GlobalSection(ProjectConfigurationPlatforms) = postSolution
		{3CB3A440-498D-433B-AF9C-871132DA775A}.Debug|Any CPU.ActiveCfg = Debug|Any CPU
		{3CB3A440-498D-433B-AF9C-871132DA775A}.Debug|Any CPU.Build.0 = Debug|Any CPU
		{3CB3A440-498D-433B-AF9C-871132DA775A}.Release|Any CPU.ActiveCfg = Release|Any CPU
		{3CB3A440-498D-433B-AF9C-871132DA775A}.Release|Any CPU.Build.0 = Release|Any CPU
		{60687F2A-9551-4D45-A87A-CC869FAC837F}.Debug|Any CPU.ActiveCfg = Debug|Any CPU
		{60687F2A-9551-4D45-A87A-CC869FAC837F}.Debug|Any CPU.Build.0 = Debug|Any CPU
		{60687F2A-9551-4D45-A87A-CC869FAC837F}.Release|Any CPU.ActiveCfg = Release|Any CPU
		{60687F2A-9551-4D45-A87A-CC869FAC837F}.Release|Any CPU.Build.0 = Release|Any CPU
		{5B8A8E34-35FC-46C8-951C-D2CAA6F7622B}.Debug|Any CPU.ActiveCfg = Debug|Any CPU
		{5B8A8E34-35FC-46C8-951C-D2CAA6F7622B}.Debug|Any CPU.Build.0 = Debug|Any CPU
		{5B8A8E34-35FC-46C8-951C-D2CAA6F7622B}.Release|Any CPU.ActiveCfg = Release|Any CPU
		{5B8A8E34-35FC-46C8-951C-D2CAA6F7622B}.Release|Any CPU.Build.0 = Release|Any CPU
		{FD345A57-EA06-43B4-AC61-B981F0256E51}.Debug|Any CPU.ActiveCfg = Debug|Any CPU
		{FD345A57-EA06-43B4-AC61-B981F0256E51}.Debug|Any CPU.Build.0 = Debug|Any CPU
		{FD345A57-EA06-43B4-AC61-B981F0256E51}.Release|Any CPU.ActiveCfg = Release|Any CPU
		{FD345A57-EA06-43B4-AC61-B981F0256E51}.Release|Any CPU.Build.0 = Release|Any CPU
	EndGlobalSection
	GlobalSection(SolutionProperties) = preSolution
		HideSolutionNode = FALSE
	EndGlobalSection
	GlobalSection(ExtensibilityGlobals) = postSolution
		SolutionGuid = {F32C898D-3680-4C45-B6D6-1F8BB3EC5087}
	EndGlobalSection
EndGlobal
